// !$*UTF8*$!
{
	archiveVersion = 1;
	classes = {
	};
	objectVersion = 51;
	objects = {

/* Begin PBXBuildFile section */
		3D0F0A4638788740904CF53F /* SnapseTests.swift in Sources */ = {isa = PBXBuildFile; fileRef = 034C40B68079A47425C902ED /* SnapseTests.swift */; };
		3D1CED0F171CC0B114913C3E /* CameraViewBridge.swift in Sources */ = {isa = PBXBuildFile; fileRef = 18393A533B48CEAE451E3847 /* CameraViewBridge.swift */; };
		3DFD456B6AC7CFA7E21720E7 /* Assets.xcassets in Resources */ = {isa = PBXBuildFile; fileRef = A7E65A9A4A0ABF483D6EAAB5 /* Assets.xcassets */; };
		57BF71F812ABE98B72768937 /* SnapseApp.swift in Sources */ = {isa = PBXBuildFile; fileRef = 9F52571C81CA09390DA6A5CC /* SnapseApp.swift */; };
		68C431A53BA8A39BD703C959 /* target.yml in Resources */ = {isa = PBXBuildFile; fileRef = 9106234FAE10BECDDBD05D50 /* target.yml */; };
		84AD16B09546B42D6505C14F /* Preview Assets.xcassets in Resources */ = {isa = PBXBuildFile; fileRef = 24F41FDFC992BDE75112E25B /* Preview Assets.xcassets */; };
		AB412F37B8C32539CA8CBDD4 /* CameraView.swift in Sources */ = {isa = PBXBuildFile; fileRef = 6B4B09F8077C53BDA525086E /* CameraView.swift */; };
		AD6653194E1FFE176A0A9158 /* ImageView.swift in Sources */ = {isa = PBXBuildFile; fileRef = 8D0AD71F8864B6CE3DC5C4CC /* ImageView.swift */; };
		BE8E30E80E0C4E6578F9AB94 /* CameraService.swift in Sources */ = {isa = PBXBuildFile; fileRef = 1916F0CEB3EA0F0C976AEE62 /* CameraService.swift */; };
		BF8B341E1302138AFE7CF598 /* target.yml in Resources */ = {isa = PBXBuildFile; fileRef = BD9BBF83FBE554FB74F93CC2 /* target.yml */; };
		CC5B6FEABF80C2D65A322788 /* ContentView.swift in Sources */ = {isa = PBXBuildFile; fileRef = 48FB3C59E914101E84EC87B4 /* ContentView.swift */; };
/* End PBXBuildFile section */

/* Begin PBXContainerItemProxy section */
		A8438CEF3A5BD32F5E75EEC7 /* PBXContainerItemProxy */ = {
			isa = PBXContainerItemProxy;
			containerPortal = 64E9D4847199CFBFCC568702 /* Project object */;
			proxyType = 1;
			remoteGlobalIDString = 561AC83D4D1E4D5D0C483D62;
			remoteInfo = Snapse;
		};
/* End PBXContainerItemProxy section */

/* Begin PBXFileReference section */
		034C40B68079A47425C902ED /* SnapseTests.swift */ = {isa = PBXFileReference; lastKnownFileType = sourcecode.swift; path = SnapseTests.swift; sourceTree = "<group>"; };
		051A786D2A6702784DC3CB3C /* project.yml */ = {isa = PBXFileReference; lastKnownFileType = text.yaml; path = project.yml; sourceTree = "<group>"; };
		18393A533B48CEAE451E3847 /* CameraViewBridge.swift */ = {isa = PBXFileReference; lastKnownFileType = sourcecode.swift; path = CameraViewBridge.swift; sourceTree = "<group>"; };
		1916F0CEB3EA0F0C976AEE62 /* CameraService.swift */ = {isa = PBXFileReference; lastKnownFileType = sourcecode.swift; path = CameraService.swift; sourceTree = "<group>"; };
		24F41FDFC992BDE75112E25B /* Preview Assets.xcassets */ = {isa = PBXFileReference; lastKnownFileType = folder.assetcatalog; path = "Preview Assets.xcassets"; sourceTree = "<group>"; };
		38D1EECCD97B5BED24ADE757 /* README.md */ = {isa = PBXFileReference; lastKnownFileType = net.daringfireball.markdown; path = README.md; sourceTree = "<group>"; };
		48FB3C59E914101E84EC87B4 /* ContentView.swift */ = {isa = PBXFileReference; lastKnownFileType = sourcecode.swift; path = ContentView.swift; sourceTree = "<group>"; };
		613C024020E26F9A80510B5E /* Snapse.app */ = {isa = PBXFileReference; includeInIndex = 0; lastKnownFileType = wrapper.application; path = Snapse.app; sourceTree = BUILT_PRODUCTS_DIR; };
		622568A0FC774FBEC3EF8631 /* SnapseTests.xctest */ = {isa = PBXFileReference; includeInIndex = 0; lastKnownFileType = wrapper.cfbundle; path = SnapseTests.xctest; sourceTree = BUILT_PRODUCTS_DIR; };
		6B4B09F8077C53BDA525086E /* CameraView.swift */ = {isa = PBXFileReference; lastKnownFileType = sourcecode.swift; path = CameraView.swift; sourceTree = "<group>"; };
		8D0AD71F8864B6CE3DC5C4CC /* ImageView.swift */ = {isa = PBXFileReference; lastKnownFileType = sourcecode.swift; path = ImageView.swift; sourceTree = "<group>"; };
		9106234FAE10BECDDBD05D50 /* target.yml */ = {isa = PBXFileReference; lastKnownFileType = text.yaml; path = target.yml; sourceTree = "<group>"; };
		9F52571C81CA09390DA6A5CC /* SnapseApp.swift */ = {isa = PBXFileReference; lastKnownFileType = sourcecode.swift; path = SnapseApp.swift; sourceTree = "<group>"; };
		A503CF6F00A268DAB0904AC0 /* Info.plist */ = {isa = PBXFileReference; lastKnownFileType = text.plist; path = Info.plist; sourceTree = "<group>"; };
		A7E65A9A4A0ABF483D6EAAB5 /* Assets.xcassets */ = {isa = PBXFileReference; lastKnownFileType = folder.assetcatalog; path = Assets.xcassets; sourceTree = "<group>"; };
		BD9BBF83FBE554FB74F93CC2 /* target.yml */ = {isa = PBXFileReference; lastKnownFileType = text.yaml; path = target.yml; sourceTree = "<group>"; };
/* End PBXFileReference section */

/* Begin PBXGroup section */
		05D33BCC68F82AF8281F8474 /* SnapseTests */ = {
			isa = PBXGroup;
			children = (
				034C40B68079A47425C902ED /* SnapseTests.swift */,
				BD9BBF83FBE554FB74F93CC2 /* target.yml */,
			);
			path = SnapseTests;
			sourceTree = "<group>";
		};
		3C297C9CD4405C35A300A297 = {
			isa = PBXGroup;
			children = (
				051A786D2A6702784DC3CB3C /* project.yml */,
				38D1EECCD97B5BED24ADE757 /* README.md */,
				BCAF550047F0392137808C9A /* Snapse */,
				05D33BCC68F82AF8281F8474 /* SnapseTests */,
				9C040B5F7C11AE96FBA05598 /* Products */,
			);
			sourceTree = "<group>";
		};
		48E7AFBE861CC17F94951C04 /* SnapseSwiftUI */ = {
			isa = PBXGroup;
			children = (
				1916F0CEB3EA0F0C976AEE62 /* CameraService.swift */,
				6B4B09F8077C53BDA525086E /* CameraView.swift */,
				18393A533B48CEAE451E3847 /* CameraViewBridge.swift */,
				48FB3C59E914101E84EC87B4 /* ContentView.swift */,
				8D0AD71F8864B6CE3DC5C4CC /* ImageView.swift */,
			);
			path = SnapseSwiftUI;
			sourceTree = "<group>";
		};
		81D04C5CCBE249209F7412F2 /* Preview Content */ = {
			isa = PBXGroup;
			children = (
				24F41FDFC992BDE75112E25B /* Preview Assets.xcassets */,
			);
			path = "Preview Content";
			sourceTree = "<group>";
		};
		9C040B5F7C11AE96FBA05598 /* Products */ = {
			isa = PBXGroup;
			children = (
				613C024020E26F9A80510B5E /* Snapse.app */,
				622568A0FC774FBEC3EF8631 /* SnapseTests.xctest */,
			);
			name = Products;
			sourceTree = "<group>";
		};
		BCAF550047F0392137808C9A /* Snapse */ = {
			isa = PBXGroup;
			children = (
				A7E65A9A4A0ABF483D6EAAB5 /* Assets.xcassets */,
				A503CF6F00A268DAB0904AC0 /* Info.plist */,
				9F52571C81CA09390DA6A5CC /* SnapseApp.swift */,
				9106234FAE10BECDDBD05D50 /* target.yml */,
				81D04C5CCBE249209F7412F2 /* Preview Content */,
				48E7AFBE861CC17F94951C04 /* SnapseSwiftUI */,
			);
			path = Snapse;
			sourceTree = "<group>";
		};
/* End PBXGroup section */

/* Begin PBXNativeTarget section */
		561AC83D4D1E4D5D0C483D62 /* Snapse */ = {
			isa = PBXNativeTarget;
			buildConfigurationList = B9A2B8B1B059B0F2A2AEB877 /* Build configuration list for PBXNativeTarget "Snapse" */;
			buildPhases = (
				C2D280F609F690F6C07F850F /* ⚠️ SwiftLint */,
				1DCB2BC17932E0A48756A4C2 /* 🛠 SwiftGen */,
				7A6FC43620D6FE863D4BFD24 /* Sources */,
				864D530D07F3C086C9740950 /* Resources */,
			);
			buildRules = (
			);
			dependencies = (
			);
			name = Snapse;
			productName = Snapse;
			productReference = 613C024020E26F9A80510B5E /* Snapse.app */;
			productType = "com.apple.product-type.application";
		};
		A7A4AA09E7798B97D3E17A3D /* SnapseTests */ = {
			isa = PBXNativeTarget;
			buildConfigurationList = AE97D3974FBF41AB58481483 /* Build configuration list for PBXNativeTarget "SnapseTests" */;
			buildPhases = (
				5D254562F47D4A91B950FB89 /* Sources */,
				371791F2849A3182C3F07919 /* Resources */,
			);
			buildRules = (
			);
			dependencies = (
				534427F0020BA693B95B65D0 /* PBXTargetDependency */,
			);
			name = SnapseTests;
			productName = SnapseTests;
			productReference = 622568A0FC774FBEC3EF8631 /* SnapseTests.xctest */;
			productType = "com.apple.product-type.bundle.unit-test";
		};
/* End PBXNativeTarget section */

/* Begin PBXProject section */
		64E9D4847199CFBFCC568702 /* Project object */ = {
			isa = PBXProject;
			attributes = {
				LastUpgradeCheck = 1200;
				ORGANIZATIONNAME = com.adapptic.snapse;
				TargetAttributes = {
				};
			};
			buildConfigurationList = 37E1784DB0AB3308E55173F9 /* Build configuration list for PBXProject "Snapse" */;
			compatibilityVersion = "Xcode 11.0";
			developmentRegion = en;
			hasScannedForEncodings = 0;
			knownRegions = (
				Base,
				en,
			);
			mainGroup = 3C297C9CD4405C35A300A297;
			projectDirPath = "";
			projectRoot = "";
			targets = (
				561AC83D4D1E4D5D0C483D62 /* Snapse */,
				A7A4AA09E7798B97D3E17A3D /* SnapseTests */,
			);
		};
/* End PBXProject section */

/* Begin PBXResourcesBuildPhase section */
		371791F2849A3182C3F07919 /* Resources */ = {
			isa = PBXResourcesBuildPhase;
			buildActionMask = 2147483647;
			files = (
				BF8B341E1302138AFE7CF598 /* target.yml in Resources */,
			);
			runOnlyForDeploymentPostprocessing = 0;
		};
		864D530D07F3C086C9740950 /* Resources */ = {
			isa = PBXResourcesBuildPhase;
			buildActionMask = 2147483647;
			files = (
				3DFD456B6AC7CFA7E21720E7 /* Assets.xcassets in Resources */,
				84AD16B09546B42D6505C14F /* Preview Assets.xcassets in Resources */,
				68C431A53BA8A39BD703C959 /* target.yml in Resources */,
			);
			runOnlyForDeploymentPostprocessing = 0;
		};
/* End PBXResourcesBuildPhase section */

/* Begin PBXShellScriptBuildPhase section */
		1DCB2BC17932E0A48756A4C2 /* 🛠 SwiftGen */ = {
			isa = PBXShellScriptBuildPhase;
			buildActionMask = 2147483647;
			files = (
			);
			inputFileListPaths = (
			);
			inputPaths = (
			);
			name = "🛠 SwiftGen";
			outputFileListPaths = (
			);
			outputPaths = (
			);
			runOnlyForDeploymentPostprocessing = 0;
			shellPath = /bin/sh;
			shellScript = "\"${PODS_ROOT}/SwiftGen/bin/swiftgen\" config run --config \"Tools/SwiftGen/swiftgen-config.yml\"\n";
		};
		C2D280F609F690F6C07F850F /* ⚠️ SwiftLint */ = {
			isa = PBXShellScriptBuildPhase;
			buildActionMask = 2147483647;
			files = (
			);
			inputFileListPaths = (
			);
			inputPaths = (
			);
			name = "⚠️ SwiftLint";
			outputFileListPaths = (
			);
			outputPaths = (
			);
			runOnlyForDeploymentPostprocessing = 0;
			shellPath = /bin/sh;
			shellScript = "\"${PODS_ROOT}/SwiftLint/swiftlint\"\n";
		};
/* End PBXShellScriptBuildPhase section */

/* Begin PBXSourcesBuildPhase section */
		5D254562F47D4A91B950FB89 /* Sources */ = {
			isa = PBXSourcesBuildPhase;
			buildActionMask = 2147483647;
			files = (
				3D0F0A4638788740904CF53F /* SnapseTests.swift in Sources */,
			);
			runOnlyForDeploymentPostprocessing = 0;
		};
		7A6FC43620D6FE863D4BFD24 /* Sources */ = {
			isa = PBXSourcesBuildPhase;
			buildActionMask = 2147483647;
			files = (
				BE8E30E80E0C4E6578F9AB94 /* CameraService.swift in Sources */,
				AB412F37B8C32539CA8CBDD4 /* CameraView.swift in Sources */,
				3D1CED0F171CC0B114913C3E /* CameraViewBridge.swift in Sources */,
				CC5B6FEABF80C2D65A322788 /* ContentView.swift in Sources */,
				AD6653194E1FFE176A0A9158 /* ImageView.swift in Sources */,
				57BF71F812ABE98B72768937 /* SnapseApp.swift in Sources */,
			);
			runOnlyForDeploymentPostprocessing = 0;
		};
/* End PBXSourcesBuildPhase section */

/* Begin PBXTargetDependency section */
		534427F0020BA693B95B65D0 /* PBXTargetDependency */ = {
			isa = PBXTargetDependency;
			target = 561AC83D4D1E4D5D0C483D62 /* Snapse */;
			targetProxy = A8438CEF3A5BD32F5E75EEC7 /* PBXContainerItemProxy */;
		};
/* End PBXTargetDependency section */

/* Begin XCBuildConfiguration section */
		313F86AD4A57FDDC5BC6FCCE /* Debug */ = {
			isa = XCBuildConfiguration;
			buildSettings = {
				ASSETCATALOG_COMPILER_APPICON_NAME = AppIcon;
				CODE_SIGN_IDENTITY = "iPhone Developer";
				INFOPLIST_FILE = Snapse/Info.plist;
				LD_RUNPATH_SEARCH_PATHS = (
					"$(inherited)",
					"@executable_path/Frameworks",
				);
				SDKROOT = iphoneos;
				TARGETED_DEVICE_FAMILY = "1,2";
			};
			name = Debug;
		};
		486979D04A284D2CDB72E1DF /* Release */ = {
			isa = XCBuildConfiguration;
			buildSettings = {
				BUNDLE_LOADER = "$(TEST_HOST)";
				FRAMEWORK_SEARCH_PATHS = "$(SDKROOT)/Developer/Library/Frameworks $(inherited)";
				INFOPLIST_FILE = SnapseTests/Info.plist;
				LD_RUNPATH_SEARCH_PATHS = "$(inherited) @executable_path/Frameworks @loader_path/Frameworks";
				PRODUCT_BUNDLE_IDENTIFIER = "org.matrix.$(PRODUCT_NAME:rfc1034identifier)";
				PRODUCT_NAME = SnapseTests;
				PROVISIONING_PROFILE = "$(SNAPSE_PROVISIONING_PROFILE)";
				PROVISIONING_PROFILE_SPECIFIER = "$(SNAPSE_PROVISIONING_PROFILE_SPECIFIER)";
				SDKROOT = iphoneos;
				SWIFT_OBJC_BRIDGING_HEADER = "SnapseTests/SnapseTests-Bridging-Header.h";
				TARGETED_DEVICE_FAMILY = "1,2";
				TEST_HOST = "$(BUILT_PRODUCTS_DIR)/Snapse.app/Snapse";
			};
			name = Release;
		};
		563C6EB0326F5419138FC9CE /* Debug */ = {
			isa = XCBuildConfiguration;
			buildSettings = {
				BUNDLE_LOADER = "$(TEST_HOST)";
				FRAMEWORK_SEARCH_PATHS = "$(SDKROOT)/Developer/Library/Frameworks $(inherited)";
				INFOPLIST_FILE = SnapseTests/Info.plist;
				LD_RUNPATH_SEARCH_PATHS = "$(inherited) @executable_path/Frameworks @loader_path/Frameworks";
				PRODUCT_BUNDLE_IDENTIFIER = "org.matrix.$(PRODUCT_NAME:rfc1034identifier)";
				PRODUCT_NAME = SnapseTests;
				SDKROOT = iphoneos;
				SWIFT_OBJC_BRIDGING_HEADER = "SnapseTests/SnapseTests-Bridging-Header.h";
				TARGETED_DEVICE_FAMILY = "1,2";
				TEST_HOST = "$(BUILT_PRODUCTS_DIR)/Snapse.app/Snapse";
			};
			name = Debug;
		};
		6532F3B21A98120E0597F7E9 /* Release */ = {
			isa = XCBuildConfiguration;
			buildSettings = {
				ASSETCATALOG_COMPILER_APPICON_NAME = AppIcon;
				CODE_SIGN_IDENTITY = "iPhone Developer";
				INFOPLIST_FILE = Snapse/Info.plist;
				LD_RUNPATH_SEARCH_PATHS = (
					"$(inherited)",
					"@executable_path/Frameworks",
				);
				SDKROOT = iphoneos;
				TARGETED_DEVICE_FAMILY = "1,2";
			};
			name = Release;
		};
		65972091D25D9510971E3EBB /* Release */ = {
			isa = XCBuildConfiguration;
			buildSettings = {
				ALWAYS_SEARCH_USER_PATHS = NO;
				CLANG_ANALYZER_NONNULL = YES;
				CLANG_ANALYZER_NUMBER_OBJECT_CONVERSION = YES_AGGRESSIVE;
				CLANG_CXX_LANGUAGE_STANDARD = "gnu++14";
				CLANG_CXX_LIBRARY = "libc++";
				CLANG_ENABLE_MODULES = YES;
				CLANG_ENABLE_OBJC_ARC = YES;
				CLANG_ENABLE_OBJC_WEAK = YES;
				CLANG_WARN_BLOCK_CAPTURE_AUTORELEASING = YES;
				CLANG_WARN_BOOL_CONVERSION = YES;
				CLANG_WARN_COMMA = YES;
				CLANG_WARN_CONSTANT_CONVERSION = YES;
				CLANG_WARN_DEPRECATED_OBJC_IMPLEMENTATIONS = YES;
				CLANG_WARN_DIRECT_OBJC_ISA_USAGE = YES_ERROR;
				CLANG_WARN_DOCUMENTATION_COMMENTS = YES;
				CLANG_WARN_EMPTY_BODY = YES;
				CLANG_WARN_ENUM_CONVERSION = YES;
				CLANG_WARN_INFINITE_RECURSION = YES;
				CLANG_WARN_INT_CONVERSION = YES;
				CLANG_WARN_NON_LITERAL_NULL_CONVERSION = YES;
				CLANG_WARN_OBJC_IMPLICIT_RETAIN_SELF = YES;
				CLANG_WARN_OBJC_LITERAL_CONVERSION = YES;
				CLANG_WARN_OBJC_ROOT_CLASS = YES_ERROR;
				CLANG_WARN_QUOTED_INCLUDE_IN_FRAMEWORK_HEADER = YES;
				CLANG_WARN_RANGE_LOOP_ANALYSIS = YES;
				CLANG_WARN_STRICT_PROTOTYPES = YES;
				CLANG_WARN_SUSPICIOUS_MOVE = YES;
				CLANG_WARN_UNGUARDED_AVAILABILITY = YES_AGGRESSIVE;
				CLANG_WARN_UNREACHABLE_CODE = YES;
				CLANG_WARN__DUPLICATE_METHOD_MATCH = YES;
				COPY_PHASE_STRIP = NO;
				DEBUG_INFORMATION_FORMAT = "dwarf-with-dsym";
				ENABLE_NS_ASSERTIONS = NO;
				ENABLE_STRICT_OBJC_MSGSEND = YES;
				GCC_C_LANGUAGE_STANDARD = gnu11;
				GCC_NO_COMMON_BLOCKS = YES;
				GCC_WARN_64_TO_32_BIT_CONVERSION = YES;
				GCC_WARN_ABOUT_RETURN_TYPE = YES_ERROR;
				GCC_WARN_UNDECLARED_SELECTOR = YES;
				GCC_WARN_UNINITIALIZED_AUTOS = YES_AGGRESSIVE;
				GCC_WARN_UNUSED_FUNCTION = YES;
				GCC_WARN_UNUSED_VARIABLE = YES;
				MTL_ENABLE_DEBUG_INFO = NO;
				MTL_FAST_MATH = YES;
				PRODUCT_NAME = "$(TARGET_NAME)";
				SDKROOT = iphoneos;
				SWIFT_COMPILATION_MODE = wholemodule;
				SWIFT_OPTIMIZATION_LEVEL = "-O";
				SWIFT_VERSION = 5.0;
			};
			name = Release;
		};
		9A25A3CBD9CC49FDBB32901D /* Debug */ = {
			isa = XCBuildConfiguration;
			buildSettings = {
				ALWAYS_SEARCH_USER_PATHS = NO;
				CLANG_ANALYZER_NONNULL = YES;
				CLANG_ANALYZER_NUMBER_OBJECT_CONVERSION = YES_AGGRESSIVE;
				CLANG_CXX_LANGUAGE_STANDARD = "gnu++14";
				CLANG_CXX_LIBRARY = "libc++";
				CLANG_ENABLE_MODULES = YES;
				CLANG_ENABLE_OBJC_ARC = YES;
				CLANG_ENABLE_OBJC_WEAK = YES;
				CLANG_WARN_BLOCK_CAPTURE_AUTORELEASING = YES;
				CLANG_WARN_BOOL_CONVERSION = YES;
				CLANG_WARN_COMMA = YES;
				CLANG_WARN_CONSTANT_CONVERSION = YES;
				CLANG_WARN_DEPRECATED_OBJC_IMPLEMENTATIONS = YES;
				CLANG_WARN_DIRECT_OBJC_ISA_USAGE = YES_ERROR;
				CLANG_WARN_DOCUMENTATION_COMMENTS = YES;
				CLANG_WARN_EMPTY_BODY = YES;
				CLANG_WARN_ENUM_CONVERSION = YES;
				CLANG_WARN_INFINITE_RECURSION = YES;
				CLANG_WARN_INT_CONVERSION = YES;
				CLANG_WARN_NON_LITERAL_NULL_CONVERSION = YES;
				CLANG_WARN_OBJC_IMPLICIT_RETAIN_SELF = YES;
				CLANG_WARN_OBJC_LITERAL_CONVERSION = YES;
				CLANG_WARN_OBJC_ROOT_CLASS = YES_ERROR;
				CLANG_WARN_QUOTED_INCLUDE_IN_FRAMEWORK_HEADER = YES;
				CLANG_WARN_RANGE_LOOP_ANALYSIS = YES;
				CLANG_WARN_STRICT_PROTOTYPES = YES;
				CLANG_WARN_SUSPICIOUS_MOVE = YES;
				CLANG_WARN_UNGUARDED_AVAILABILITY = YES_AGGRESSIVE;
				CLANG_WARN_UNREACHABLE_CODE = YES;
				CLANG_WARN__DUPLICATE_METHOD_MATCH = YES;
				COPY_PHASE_STRIP = NO;
				DEBUG_INFORMATION_FORMAT = dwarf;
				ENABLE_STRICT_OBJC_MSGSEND = YES;
				ENABLE_TESTABILITY = YES;
				GCC_C_LANGUAGE_STANDARD = gnu11;
				GCC_DYNAMIC_NO_PIC = NO;
				GCC_NO_COMMON_BLOCKS = YES;
				GCC_OPTIMIZATION_LEVEL = 0;
				GCC_PREPROCESSOR_DEFINITIONS = (
					"$(inherited)",
					"DEBUG=1",
				);
				GCC_WARN_64_TO_32_BIT_CONVERSION = YES;
				GCC_WARN_ABOUT_RETURN_TYPE = YES_ERROR;
				GCC_WARN_UNDECLARED_SELECTOR = YES;
				GCC_WARN_UNINITIALIZED_AUTOS = YES_AGGRESSIVE;
				GCC_WARN_UNUSED_FUNCTION = YES;
				GCC_WARN_UNUSED_VARIABLE = YES;
				MTL_ENABLE_DEBUG_INFO = INCLUDE_SOURCE;
				MTL_FAST_MATH = YES;
				ONLY_ACTIVE_ARCH = YES;
				PRODUCT_NAME = "$(TARGET_NAME)";
				SDKROOT = iphoneos;
				SWIFT_ACTIVE_COMPILATION_CONDITIONS = DEBUG;
				SWIFT_OPTIMIZATION_LEVEL = "-Onone";
				SWIFT_VERSION = 5.0;
			};
			name = Debug;
		};
/* End XCBuildConfiguration section */

/* Begin XCConfigurationList section */
		37E1784DB0AB3308E55173F9 /* Build configuration list for PBXProject "Snapse" */ = {
			isa = XCConfigurationList;
			buildConfigurations = (
				9A25A3CBD9CC49FDBB32901D /* Debug */,
				65972091D25D9510971E3EBB /* Release */,
			);
			defaultConfigurationIsVisible = 0;
			defaultConfigurationName = Release;
		};
		AE97D3974FBF41AB58481483 /* Build configuration list for PBXNativeTarget "SnapseTests" */ = {
			isa = XCConfigurationList;
			buildConfigurations = (
				563C6EB0326F5419138FC9CE /* Debug */,
				486979D04A284D2CDB72E1DF /* Release */,
			);
			defaultConfigurationIsVisible = 0;
			defaultConfigurationName = Release;
		};
		B9A2B8B1B059B0F2A2AEB877 /* Build configuration list for PBXNativeTarget "Snapse" */ = {
			isa = XCConfigurationList;
			buildConfigurations = (
				313F86AD4A57FDDC5BC6FCCE /* Debug */,
				6532F3B21A98120E0597F7E9 /* Release */,
			);
			defaultConfigurationIsVisible = 0;
			defaultConfigurationName = Release;
		};
/* End XCConfigurationList section */
	};
	rootObject = 64E9D4847199CFBFCC568702 /* Project object */;
}
